
Microsoft Visual Studio Solution File, Format Version 12.00
# Visual Studio Version 17
VisualStudioVersion = 17.14.36221.1 d17.14
MinimumVisualStudioVersion = 10.0.40219.1
Project("{FAE04EC0-301F-11D3-BF4B-00C04F79EFBC}") = "TaskManager", "TaskManager.csproj", "{0FDEB487-E0F9-4485-B79E-FC7B58274B77}"
EndProject
Global
	GlobalSection(SolutionConfigurationPlatforms) = preSolution
		Debug|Any CPU = Debug|Any CPU
		Release|Any CPU = Release|Any CPU
	EndGlobalSection
	GlobalSection(ProjectConfigurationPlatforms) = postSolution
		{0FDEB487-E0F9-4485-B79E-FC7B58274B77}.Debug|Any CPU.ActiveCfg = Debug|Any CPU
		{0FDEB487-E0F9-4485-B79E-FC7B58274B77}.Debug|Any CPU.Build.0 = Debug|Any CPU
		{0FDEB487-E0F9-4485-B79E-FC7B58274B77}.Release|Any CPU.ActiveCfg = Release|Any CPU
		{0FDEB487-E0F9-4485-B79E-FC7B58274B77}.Release|Any CPU.Build.0 = Release|Any CPU
	EndGlobalSection
	GlobalSection(SolutionProperties) = preSolution
		HideSolutionNode = FALSE
	EndGlobalSection
	GlobalSection(ExtensibilityGlobals) = postSolution
		SolutionGuid = {80F0CCD6-FB04-4A67-B3D6-A7ADCDB6C673}
	EndGlobalSection
EndGlobal
